
Microsoft Visual Studio Solution File, Format Version 12.00
# Visual Studio Version 17
VisualStudioVersion = 17.3.32901.215
MinimumVisualStudioVersion = 10.0.40219.1
Project("{FAE04EC0-301F-11D3-BF4B-00C04F79EFBC}") = "ButtonReaction", "ButtonReaction.csproj", "{AC433037-52D9-4DA7-8740-46780FB701F8}"
EndProject
Global
	GlobalSection(SolutionConfigurationPlatforms) = preSolution
		Debug|Any CPU = Debug|Any CPU
		Release|Any CPU = Release|Any CPU
	EndGlobalSection
	GlobalSection(ProjectConfigurationPlatforms) = postSolution
		{AC433037-52D9-4DA7-8740-46780FB701F8}.Debug|Any CPU.ActiveCfg = Debug|Any CPU
		{AC433037-52D9-4DA7-8740-46780FB701F8}.Debug|Any CPU.Build.0 = Debug|Any CPU
		{AC433037-52D9-4DA7-8740-46780FB701F8}.Release|Any CPU.ActiveCfg = Release|Any CPU
		{AC433037-52D9-4DA7-8740-46780FB701F8}.Release|Any CPU.Build.0 = Release|Any CPU
	EndGlobalSection
	GlobalSection(SolutionProperties) = preSolution
		HideSolutionNode = FALSE
	EndGlobalSection
	GlobalSection(ExtensibilityGlobals) = postSolution
		SolutionGuid = {E6762A3C-A489-474F-95CC-1C1D9CA36B98}
	EndGlobalSection
EndGlobal
